
Microsoft Visual Studio Solution File, Format Version 12.00
# Visual Studio Version 16
VisualStudioVersion = 16.0.28803.352
MinimumVisualStudioVersion = 10.0.40219.1
Project("{FAE04EC0-301F-11D3-BF4B-00C04F79EFBC}") = "escola_digital", "escola_digital\escola_digital.csproj", "{FF6C658E-CA73-4610-BB74-90797390E239}"
EndProject
Global
	GlobalSection(SolutionConfigurationPlatforms) = preSolution
		Debug|Any CPU = Debug|Any CPU
		Release|Any CPU = Release|Any CPU
	EndGlobalSection
	GlobalSection(ProjectConfigurationPlatforms) = postSolution
		{FF6C658E-CA73-4610-BB74-90797390E239}.Debug|Any CPU.ActiveCfg = Debug|Any CPU
		{FF6C658E-CA73-4610-BB74-90797390E239}.Debug|Any CPU.Build.0 = Debug|Any CPU
		{FF6C658E-CA73-4610-BB74-90797390E239}.Release|Any CPU.ActiveCfg = Release|Any CPU
		{FF6C658E-CA73-4610-BB74-90797390E239}.Release|Any CPU.Build.0 = Release|Any CPU
	EndGlobalSection
	GlobalSection(SolutionProperties) = preSolution
		HideSolutionNode = FALSE
	EndGlobalSection
	GlobalSection(ExtensibilityGlobals) = postSolution
		SolutionGuid = {2CBC9DC9-B57D-4D2A-AD11-CA81D8409847}
	EndGlobalSection
EndGlobal
